
Microsoft Visual Studio Solution File, Format Version 12.00
# Visual Studio 15
VisualStudioVersion = 15.0.27703.2047
MinimumVisualStudioVersion = 10.0.40219.1
Project("{FAE04EC0-301F-11D3-BF4B-00C04F79EFBC}") = "KJP.Web", "KJP.Web\KJP.Web.csproj", "{998878C3-3349-4866-8294-9444B6F1A909}"
EndProject
Global
	GlobalSection(SolutionConfigurationPlatforms) = preSolution
		Debug|Any CPU = Debug|Any CPU
		Release|Any CPU = Release|Any CPU
	EndGlobalSection
	GlobalSection(ProjectConfigurationPlatforms) = postSolution
		{998878C3-3349-4866-8294-9444B6F1A909}.Debug|Any CPU.ActiveCfg = Debug|Any CPU
		{998878C3-3349-4866-8294-9444B6F1A909}.Debug|Any CPU.Build.0 = Debug|Any CPU
		{998878C3-3349-4866-8294-9444B6F1A909}.Release|Any CPU.ActiveCfg = Release|Any CPU
		{998878C3-3349-4866-8294-9444B6F1A909}.Release|Any CPU.Build.0 = Release|Any CPU
	EndGlobalSection
	GlobalSection(SolutionProperties) = preSolution
		HideSolutionNode = FALSE
	EndGlobalSection
	GlobalSection(ExtensibilityGlobals) = postSolution
		SolutionGuid = {8B505AF5-41E8-4935-9790-A0153EE7D2FF}
	EndGlobalSection
EndGlobal
